<?xml version="1.0" encoding="utf-8"?>
<Project ToolsVersion="4.0" xmlns="http://schemas.microsoft.com/developer/msbuild/2003">
  <ItemGroup>
    <Filter Include="storage">
      <UniqueIdentifier>{924ad7d7-efd0-407d-8b56-71f1e17a1f09}</UniqueIdentifier>
    </Filter>
    <Filter Include="storage\innobase">
      <UniqueIdentifier>{013f88d4-c754-4b02-b68c-5164a558fc22}</UniqueIdentifier>
    </Filter>
    <Filter Include="storage\innobase\mem">
      <UniqueIdentifier>{c963e559-a7c5-4466-aeca-077fe686d267}</UniqueIdentifier>
    </Filter>
    <Filter Include="storage\innobase\include">
      <UniqueIdentifier>{be3913ac-3360-46d0-a629-1d278bdc6b51}</UniqueIdentifier>
    </Filter>
    <Filter Include="storage\innobase\ut">
      <UniqueIdentifier>{07cc31eb-5e79-43f9-9372-3668ed2150c1}</UniqueIdentifier>
    </Filter>
    <Filter Include="storage\innobase\os">
      <UniqueIdentifier>{2546448c-d27e-4437-839d-f62538a114da}</UniqueIdentifier>
    </Filter>
    <Filter Include="sql">
      <UniqueIdentifier>{e288cc37-560f-43f3-bb89-edcee0c3ae5d}</UniqueIdentifier>
    </Filter>
    <Filter Include="sql\share">
      <UniqueIdentifier>{29d6f281-3149-4515-a3b5-348bcfeeb95b}</UniqueIdentifier>
    </Filter>
    <Filter Include="server-tools">
      <UniqueIdentifier>{600d0bf6-af14-4a99-bd6b-c6783a598bd2}</UniqueIdentifier>
    </Filter>
    <Filter Include="server-tools\instance-manager">
      <UniqueIdentifier>{b8f048f4-4b37-4f02-9dee-e685d52cabcd}</UniqueIdentifier>
    </Filter>
    <Filter Include="storage\innobase\page">
      <UniqueIdentifier>{8285ba30-c1dd-46c3-bb6a-ebe27ee31d21}</UniqueIdentifier>
    </Filter>
    <Filter Include="storage\innobase\row">
      <UniqueIdentifier>{582db3a5-5bd7-4e2d-97e1-f44d0fa6f5cf}</UniqueIdentifier>
    </Filter>
    <Filter Include="storage\innobase\rem">
      <UniqueIdentifier>{f17ea43e-cd1c-4a0c-a757-d893e7802051}</UniqueIdentifier>
    </Filter>
    <Filter Include="storage\innobase\read">
      <UniqueIdentifier>{8e184d6d-330a-48c0-91b8-ebc9ed35a2c8}</UniqueIdentifier>
    </Filter>
    <Filter Include="storage\innobase\que">
      <UniqueIdentifier>{9c2bc43c-5dbd-4825-b60b-29f961407861}</UniqueIdentifier>
    </Filter>
    <Filter Include="storage\innobase\handler">
      <UniqueIdentifier>{587db938-f2cb-48dc-a463-ab9d9aea33c6}</UniqueIdentifier>
    </Filter>
    <Filter Include="storage\innobase\dict">
      <UniqueIdentifier>{8a296f4f-8a33-4ba9-836c-62ed80f9c924}</UniqueIdentifier>
    </Filter>
    <Filter Include="storage\innobase\buf">
      <UniqueIdentifier>{845a4808-7473-4a06-8627-57ff771df593}</UniqueIdentifier>
    </Filter>
    <Filter Include="storage\innobase\btr">
      <UniqueIdentifier>{8bac77cd-1495-4902-808b-e3f626526957}</UniqueIdentifier>
    </Filter>
    <Filter Include="storage\innobase\log">
      <UniqueIdentifier>{32b83117-0262-476e-af59-e6d1ae96e3bb}</UniqueIdentifier>
    </Filter>
    <Filter Include="storage\innobase\ibuf">
      <UniqueIdentifier>{40e04dc9-5e7d-49ad-bc35-5daaa8b3fad8}</UniqueIdentifier>
    </Filter>
    <Filter Include="storage\innobase\lock">
      <UniqueIdentifier>{65b52291-a4f7-4fbb-9d1d-055c6b840ccf}</UniqueIdentifier>
    </Filter>
    <Filter Include="storage\innobase\dyn">
      <UniqueIdentifier>{f7ad4c14-b685-45fc-a74f-764e9a179e14}</UniqueIdentifier>
    </Filter>
    <Filter Include="storage\innobase\srv">
      <UniqueIdentifier>{b14e8632-5268-4a12-becb-6d1cc7646be7}</UniqueIdentifier>
    </Filter>
    <Filter Include="storage\innobase\sync">
      <UniqueIdentifier>{56c31119-30c9-446d-8c40-301bec2167cd}</UniqueIdentifier>
    </Filter>
    <Filter Include="storage\innobase\usr">
      <UniqueIdentifier>{c3714174-8582-4d72-be37-0daf43fa7192}</UniqueIdentifier>
    </Filter>
    <Filter Include="storage\innobase\trx">
      <UniqueIdentifier>{effe742d-4a6e-4de1-930b-d1893f9bc78d}</UniqueIdentifier>
    </Filter>
    <Filter Include="storage\innobase\thr">
      <UniqueIdentifier>{d6e7acfe-1683-428d-ac0e-177a090acd0d}</UniqueIdentifier>
    </Filter>
    <Filter Include="storage\innobase\mtr">
      <UniqueIdentifier>{a2efacb6-df95-45a0-889a-76b19a0a28a3}</UniqueIdentifier>
    </Filter>
    <Filter Include="storage\innobase\mach">
      <UniqueIdentifier>{585456d4-2b42-4122-9793-74ab992f46cd}</UniqueIdentifier>
    </Filter>
    <Filter Include="storage\innobase\fsp">
      <UniqueIdentifier>{9ef31605-3090-4054-b1f1-5984ea483075}</UniqueIdentifier>
    </Filter>
    <Filter Include="storage\innobase\fil">
      <UniqueIdentifier>{d2cddf52-2d72-41e6-81cc-eebc78fb249a}</UniqueIdentifier>
    </Filter>
    <Filter Include="storage\innobase\data">
      <UniqueIdentifier>{92d3e09c-43b8-457a-b3c9-6c5e75cd0460}</UniqueIdentifier>
    </Filter>
    <Filter Include="storage\innobase\eval">
      <UniqueIdentifier>{d547c2ac-617c-4a5e-b8eb-be3b11218105}</UniqueIdentifier>
    </Filter>
    <Filter Include="storage\innobase\fut">
      <UniqueIdentifier>{9a81a69e-f1f2-4aa9-8e4e-1f398e0f13fd}</UniqueIdentifier>
    </Filter>
    <Filter Include="storage\innobase\ha">
      <UniqueIdentifier>{bcbcd284-1794-46ed-a569-ad637a54db39}</UniqueIdentifier>
    </Filter>
    <Filter Include="storage\innobase\pars">
      <UniqueIdentifier>{98df5bed-5164-4485-bcb9-33c400d6229b}</UniqueIdentifier>
    </Filter>
  </ItemGroup>
  <ItemGroup>
    <ClCompile Include="storage\innobase\mem\mem0dbg.c">
      <Filter>storage\innobase\mem</Filter>
    </ClCompile>
    <ClCompile Include="storage\innobase\mem\mem0mem.c">
      <Filter>storage\innobase\mem</Filter>
    </ClCompile>
    <ClCompile Include="storage\innobase\mem\mem0pool.c">
      <Filter>storage\innobase\mem</Filter>
    </ClCompile>
    <ClCompile Include="storage\innobase\ut\ut0byte.c">
      <Filter>storage\innobase\ut</Filter>
    </ClCompile>
    <ClCompile Include="storage\innobase\ut\ut0dbg.c">
      <Filter>storage\innobase\ut</Filter>
    </ClCompile>
    <ClCompile Include="storage\innobase\ut\ut0list.c">
      <Filter>storage\innobase\ut</Filter>
    </ClCompile>
    <ClCompile Include="storage\innobase\ut\ut0mem.c">
      <Filter>storage\innobase\ut</Filter>
    </ClCompile>
    <ClCompile Include="storage\innobase\ut\ut0rnd.c">
      <Filter>storage\innobase\ut</Filter>
    </ClCompile>
    <ClCompile Include="storage\innobase\ut\ut0ut.c">
      <Filter>storage\innobase\ut</Filter>
    </ClCompile>
    <ClCompile Include="storage\innobase\ut\ut0vec.c">
      <Filter>storage\innobase\ut</Filter>
    </ClCompile>
    <ClCompile Include="storage\innobase\ut\ut0wqueue.c">
      <Filter>storage\innobase\ut</Filter>
    </ClCompile>
    <ClCompile Include="storage\innobase\os\os0file.c">
      <Filter>storage\innobase\os</Filter>
    </ClCompile>
    <ClCompile Include="storage\innobase\os\os0proc.c">
      <Filter>storage\innobase\os</Filter>
    </ClCompile>
    <ClCompile Include="storage\innobase\os\os0sync.c">
      <Filter>storage\innobase\os</Filter>
    </ClCompile>
    <ClCompile Include="storage\innobase\os\os0thread.c">
      <Filter>storage\innobase\os</Filter>
    </ClCompile>
    <ClCompile Include="sql\debug_sync.cc">
      <Filter>sql</Filter>
    </ClCompile>
    <ClCompile Include="sql\derror.cc">
      <Filter>sql</Filter>
    </ClCompile>
    <ClCompile Include="sql\des_key_file.cc">
      <Filter>sql</Filter>
    </ClCompile>
    <ClCompile Include="sql\discover.cc">
      <Filter>sql</Filter>
    </ClCompile>
    <ClCompile Include="sql\event_data_objects.cc">
      <Filter>sql</Filter>
    </ClCompile>
    <ClCompile Include="sql\event_db_repository.cc">
      <Filter>sql</Filter>
    </ClCompile>
    <ClCompile Include="sql\event_parse_data.cc">
      <Filter>sql</Filter>
    </ClCompile>
    <ClCompile Include="sql\event_queue.cc">
      <Filter>sql</Filter>
    </ClCompile>
    <ClCompile Include="sql\event_scheduler.cc">
      <Filter>sql</Filter>
    </ClCompile>
    <ClCompile Include="sql\events.cc">
      <Filter>sql</Filter>
    </ClCompile>
    <ClCompile Include="sql\field.cc">
      <Filter>sql</Filter>
    </ClCompile>
    <ClCompile Include="sql\field_conv.cc">
      <Filter>sql</Filter>
    </ClCompile>
    <ClCompile Include="sql\filesort.cc">
      <Filter>sql</Filter>
    </ClCompile>
    <ClCompile Include="sql\gen_lex_hash.cc">
      <Filter>sql</Filter>
    </ClCompile>
    <ClCompile Include="sql\gstream.cc">
      <Filter>sql</Filter>
    </ClCompile>
    <ClCompile Include="sql\ha_ndbcluster.cc">
      <Filter>sql</Filter>
    </ClCompile>
    <ClCompile Include="sql\ha_ndbcluster_binlog.cc">
      <Filter>sql</Filter>
    </ClCompile>
    <ClCompile Include="sql\ha_ndbcluster_cond.cc">
      <Filter>sql</Filter>
    </ClCompile>
    <ClCompile Include="sql\ha_partition.cc">
      <Filter>sql</Filter>
    </ClCompile>
    <ClCompile Include="sql\handler.cc">
      <Filter>sql</Filter>
    </ClCompile>
    <ClCompile Include="sql\hash_filo.cc">
      <Filter>sql</Filter>
    </ClCompile>
    <ClCompile Include="sql\hostname.cc">
      <Filter>sql</Filter>
    </ClCompile>
    <ClCompile Include="sql\init.cc">
      <Filter>sql</Filter>
    </ClCompile>
    <ClCompile Include="sql\item.cc">
      <Filter>sql</Filter>
    </ClCompile>
    <ClCompile Include="sql\item_buff.cc">
      <Filter>sql</Filter>
    </ClCompile>
    <ClCompile Include="sql\item_cmpfunc.cc">
      <Filter>sql</Filter>
    </ClCompile>
    <ClCompile Include="sql\item_create.cc">
      <Filter>sql</Filter>
    </ClCompile>
    <ClCompile Include="sql\item_func.cc">
      <Filter>sql</Filter>
    </ClCompile>
    <ClCompile Include="sql\item_geofunc.cc">
      <Filter>sql</Filter>
    </ClCompile>
    <ClCompile Include="sql\item_row.cc">
      <Filter>sql</Filter>
    </ClCompile>
    <ClCompile Include="sql\item_strfunc.cc">
      <Filter>sql</Filter>
    </ClCompile>
    <ClCompile Include="sql\item_subselect.cc">
      <Filter>sql</Filter>
    </ClCompile>
    <ClCompile Include="sql\item_sum.cc">
      <Filter>sql</Filter>
    </ClCompile>
    <ClCompile Include="sql\item_timefunc.cc">
      <Filter>sql</Filter>
    </ClCompile>
    <ClCompile Include="sql\item_xmlfunc.cc">
      <Filter>sql</Filter>
    </ClCompile>
    <ClCompile Include="sql\key.cc">
      <Filter>sql</Filter>
    </ClCompile>
    <ClCompile Include="sql\lock.cc">
      <Filter>sql</Filter>
    </ClCompile>
    <ClCompile Include="sql\log.cc">
      <Filter>sql</Filter>
    </ClCompile>
    <ClCompile Include="sql\log_event.cc">
      <Filter>sql</Filter>
    </ClCompile>
    <ClCompile Include="sql\log_event_old.cc">
      <Filter>sql</Filter>
    </ClCompile>
    <ClCompile Include="sql\mf_iocache.cc">
      <Filter>sql</Filter>
    </ClCompile>
    <ClCompile Include="sql\my_decimal.cc">
      <Filter>sql</Filter>
    </ClCompile>
    <ClCompile Include="sql\my_lock.c">
      <Filter>sql</Filter>
    </ClCompile>
    <ClCompile Include="sql\mysqld.cc">
      <Filter>sql</Filter>
    </ClCompile>
    <ClCompile Include="sql\net_serv.cc">
      <Filter>sql</Filter>
    </ClCompile>
    <ClCompile Include="sql\nt_servc.cc">
      <Filter>sql</Filter>
    </ClCompile>
    <ClCompile Include="sql\opt_range.cc">
      <Filter>sql</Filter>
    </ClCompile>
    <ClCompile Include="sql\opt_sum.cc">
      <Filter>sql</Filter>
    </ClCompile>
    <ClCompile Include="sql\parse_file.cc">
      <Filter>sql</Filter>
    </ClCompile>
    <ClCompile Include="sql\partition_info.cc">
      <Filter>sql</Filter>
    </ClCompile>
    <ClCompile Include="sql\password.c">
      <Filter>sql</Filter>
    </ClCompile>
    <ClCompile Include="sql\procedure.cc">
      <Filter>sql</Filter>
    </ClCompile>
    <ClCompile Include="sql\protocol.cc">
      <Filter>sql</Filter>
    </ClCompile>
    <ClCompile Include="sql\records.cc">
      <Filter>sql</Filter>
    </ClCompile>
    <ClCompile Include="sql\repl_failsafe.cc">
      <Filter>sql</Filter>
    </ClCompile>
    <ClCompile Include="sql\rpl_filter.cc">
      <Filter>sql</Filter>
    </ClCompile>
    <ClCompile Include="sql\rpl_injector.cc">
      <Filter>sql</Filter>
    </ClCompile>
    <ClCompile Include="sql\rpl_mi.cc">
      <Filter>sql</Filter>
    </ClCompile>
    <ClCompile Include="sql\rpl_record.cc">
      <Filter>sql</Filter>
    </ClCompile>
    <ClCompile Include="sql\rpl_record_old.cc">
      <Filter>sql</Filter>
    </ClCompile>
    <ClCompile Include="sql\rpl_reporting.cc">
      <Filter>sql</Filter>
    </ClCompile>
    <ClCompile Include="sql\rpl_rli.cc">
      <Filter>sql</Filter>
    </ClCompile>
    <ClCompile Include="sql\rpl_tblmap.cc">
      <Filter>sql</Filter>
    </ClCompile>
    <ClCompile Include="sql\rpl_utility.cc">
      <Filter>sql</Filter>
    </ClCompile>
    <ClCompile Include="sql\scheduler.cc">
      <Filter>sql</Filter>
    </ClCompile>
    <ClCompile Include="sql\set_var.cc">
      <Filter>sql</Filter>
    </ClCompile>
    <ClCompile Include="sql\signal_handler.cc">
      <Filter>sql</Filter>
    </ClCompile>
    <ClCompile Include="sql\slave.cc">
      <Filter>sql</Filter>
    </ClCompile>
    <ClCompile Include="sql\sp.cc">
      <Filter>sql</Filter>
    </ClCompile>
    <ClCompile Include="sql\sp_cache.cc">
      <Filter>sql</Filter>
    </ClCompile>
    <ClCompile Include="sql\sp_head.cc">
      <Filter>sql</Filter>
    </ClCompile>
    <ClCompile Include="sql\sp_pcontext.cc">
      <Filter>sql</Filter>
    </ClCompile>
    <ClCompile Include="sql\sp_rcontext.cc">
      <Filter>sql</Filter>
    </ClCompile>
    <ClCompile Include="sql\spatial.cc">
      <Filter>sql</Filter>
    </ClCompile>
    <ClCompile Include="sql\sql_acl.cc">
      <Filter>sql</Filter>
    </ClCompile>
    <ClCompile Include="sql\sql_analyse.cc">
      <Filter>sql</Filter>
    </ClCompile>
    <ClCompile Include="sql\sql_base.cc">
      <Filter>sql</Filter>
    </ClCompile>
    <ClCompile Include="sql\sql_binlog.cc">
      <Filter>sql</Filter>
    </ClCompile>
    <ClCompile Include="sql\sql_builtin.cc">
      <Filter>sql</Filter>
    </ClCompile>
    <ClCompile Include="sql\sql_cache.cc">
      <Filter>sql</Filter>
    </ClCompile>
    <ClCompile Include="sql\sql_class.cc">
      <Filter>sql</Filter>
    </ClCompile>
    <ClCompile Include="sql\sql_client.cc">
      <Filter>sql</Filter>
    </ClCompile>
    <ClCompile Include="sql\sql_connect.cc">
      <Filter>sql</Filter>
    </ClCompile>
    <ClCompile Include="sql\sql_crypt.cc">
      <Filter>sql</Filter>
    </ClCompile>
    <ClCompile Include="sql\sql_cursor.cc">
      <Filter>sql</Filter>
    </ClCompile>
    <ClCompile Include="sql\sql_db.cc">
      <Filter>sql</Filter>
    </ClCompile>
    <ClCompile Include="sql\sql_delete.cc">
      <Filter>sql</Filter>
    </ClCompile>
    <ClCompile Include="sql\sql_derived.cc">
      <Filter>sql</Filter>
    </ClCompile>
    <ClCompile Include="sql\sql_do.cc">
      <Filter>sql</Filter>
    </ClCompile>
    <ClCompile Include="sql\sql_error.cc">
      <Filter>sql</Filter>
    </ClCompile>
    <ClCompile Include="sql\sql_handler.cc">
      <Filter>sql</Filter>
    </ClCompile>
    <ClCompile Include="sql\sql_help.cc">
      <Filter>sql</Filter>
    </ClCompile>
    <ClCompile Include="sql\sql_insert.cc">
      <Filter>sql</Filter>
    </ClCompile>
    <ClCompile Include="sql\sql_lex.cc">
      <Filter>sql</Filter>
    </ClCompile>
    <ClCompile Include="sql\sql_list.cc">
      <Filter>sql</Filter>
    </ClCompile>
    <ClCompile Include="sql\sql_load.cc">
      <Filter>sql</Filter>
    </ClCompile>
    <ClCompile Include="sql\sql_locale.cc">
      <Filter>sql</Filter>
    </ClCompile>
    <ClCompile Include="sql\sql_manager.cc">
      <Filter>sql</Filter>
    </ClCompile>
    <ClCompile Include="sql\sql_map.cc">
      <Filter>sql</Filter>
    </ClCompile>
    <ClCompile Include="sql\sql_olap.cc">
      <Filter>sql</Filter>
    </ClCompile>
    <ClCompile Include="sql\sql_parse.cc">
      <Filter>sql</Filter>
    </ClCompile>
    <ClCompile Include="sql\sql_partition.cc">
      <Filter>sql</Filter>
    </ClCompile>
    <ClCompile Include="sql\sql_plugin.cc">
      <Filter>sql</Filter>
    </ClCompile>
    <ClCompile Include="sql\sql_prepare.cc">
      <Filter>sql</Filter>
    </ClCompile>
    <ClCompile Include="sql\sql_profile.cc">
      <Filter>sql</Filter>
    </ClCompile>
    <ClCompile Include="sql\sql_rename.cc">
      <Filter>sql</Filter>
    </ClCompile>
    <ClCompile Include="sql\sql_repl.cc">
      <Filter>sql</Filter>
    </ClCompile>
    <ClCompile Include="sql\sql_select.cc">
      <Filter>sql</Filter>
    </ClCompile>
    <ClCompile Include="sql\sql_servers.cc">
      <Filter>sql</Filter>
    </ClCompile>
    <ClCompile Include="sql\sql_show.cc">
      <Filter>sql</Filter>
    </ClCompile>
    <ClCompile Include="sql\sql_state.c">
      <Filter>sql</Filter>
    </ClCompile>
    <ClCompile Include="sql\sql_string.cc">
      <Filter>sql</Filter>
    </ClCompile>
    <ClCompile Include="sql\sql_table.cc">
      <Filter>sql</Filter>
    </ClCompile>
    <ClCompile Include="sql\sql_tablespace.cc">
      <Filter>sql</Filter>
    </ClCompile>
    <ClCompile Include="sql\sql_test.cc">
      <Filter>sql</Filter>
    </ClCompile>
    <ClCompile Include="sql\sql_trigger.cc">
      <Filter>sql</Filter>
    </ClCompile>
    <ClCompile Include="sql\sql_udf.cc">
      <Filter>sql</Filter>
    </ClCompile>
    <ClCompile Include="sql\sql_union.cc">
      <Filter>sql</Filter>
    </ClCompile>
    <ClCompile Include="sql\sql_update.cc">
      <Filter>sql</Filter>
    </ClCompile>
    <ClCompile Include="sql\sql_view.cc">
      <Filter>sql</Filter>
    </ClCompile>
    <ClCompile Include="sql\sql_yacc.cc">
      <Filter>sql</Filter>
    </ClCompile>
    <ClCompile Include="sql\strfunc.cc">
      <Filter>sql</Filter>
    </ClCompile>
    <ClCompile Include="sql\table.cc">
      <Filter>sql</Filter>
    </ClCompile>
    <ClCompile Include="sql\thr_malloc.cc">
      <Filter>sql</Filter>
    </ClCompile>
    <ClCompile Include="sql\time.cc">
      <Filter>sql</Filter>
    </ClCompile>
    <ClCompile Include="sql\tztime.cc">
      <Filter>sql</Filter>
    </ClCompile>
    <ClCompile Include="sql\udf_example.c">
      <Filter>sql</Filter>
    </ClCompile>
    <ClCompile Include="sql\uniques.cc">
      <Filter>sql</Filter>
    </ClCompile>
    <ClCompile Include="sql\unireg.cc">
      <Filter>sql</Filter>
    </ClCompile>
    <ClCompile Include="server-tools\instance-manager\angel.cc">
      <Filter>server-tools\instance-manager</Filter>
    </ClCompile>
    <ClCompile Include="server-tools\instance-manager\buffer.cc">
      <Filter>server-tools\instance-manager</Filter>
    </ClCompile>
    <ClCompile Include="server-tools\instance-manager\command.cc">
      <Filter>server-tools\instance-manager</Filter>
    </ClCompile>
    <ClCompile Include="server-tools\instance-manager\commands.cc">
      <Filter>server-tools\instance-manager</Filter>
    </ClCompile>
    <ClCompile Include="server-tools\instance-manager\guardian.cc">
      <Filter>server-tools\instance-manager</Filter>
    </ClCompile>
    <ClCompile Include="server-tools\instance-manager\IMService.cpp">
      <Filter>server-tools\instance-manager</Filter>
    </ClCompile>
    <ClCompile Include="server-tools\instance-manager\instance.cc">
      <Filter>server-tools\instance-manager</Filter>
    </ClCompile>
    <ClCompile Include="server-tools\instance-manager\instance_map.cc">
      <Filter>server-tools\instance-manager</Filter>
    </ClCompile>
    <ClCompile Include="server-tools\instance-manager\instance_options.cc">
      <Filter>server-tools\instance-manager</Filter>
    </ClCompile>
    <ClCompile Include="server-tools\instance-manager\listener.cc">
      <Filter>server-tools\instance-manager</Filter>
    </ClCompile>
    <ClCompile Include="server-tools\instance-manager\log.cc">
      <Filter>server-tools\instance-manager</Filter>
    </ClCompile>
    <ClCompile Include="server-tools\instance-manager\manager.cc">
      <Filter>server-tools\instance-manager</Filter>
    </ClCompile>
    <ClCompile Include="server-tools\instance-manager\messages.cc">
      <Filter>server-tools\instance-manager</Filter>
    </ClCompile>
    <ClCompile Include="server-tools\instance-manager\mysql_connection.cc">
      <Filter>server-tools\instance-manager</Filter>
    </ClCompile>
    <ClCompile Include="server-tools\instance-manager\mysqlmanager.cc">
      <Filter>server-tools\instance-manager</Filter>
    </ClCompile>
    <ClCompile Include="server-tools\instance-manager\options.cc">
      <Filter>server-tools\instance-manager</Filter>
    </ClCompile>
    <ClCompile Include="server-tools\instance-manager\parse.cc">
      <Filter>server-tools\instance-manager</Filter>
    </ClCompile>
    <ClCompile Include="server-tools\instance-manager\parse_output.cc">
      <Filter>server-tools\instance-manager</Filter>
    </ClCompile>
    <ClCompile Include="server-tools\instance-manager\priv.cc">
      <Filter>server-tools\instance-manager</Filter>
    </ClCompile>
    <ClCompile Include="server-tools\instance-manager\protocol.cc">
      <Filter>server-tools\instance-manager</Filter>
    </ClCompile>
    <ClCompile Include="server-tools\instance-manager\thread_registry.cc">
      <Filter>server-tools\instance-manager</Filter>
    </ClCompile>
    <ClCompile Include="server-tools\instance-manager\user_management_commands.cc">
      <Filter>server-tools\instance-manager</Filter>
    </ClCompile>
    <ClCompile Include="server-tools\instance-manager\user_map.cc">
      <Filter>server-tools\instance-manager</Filter>
    </ClCompile>
    <ClCompile Include="server-tools\instance-manager\WindowsService.cpp">
      <Filter>server-tools\instance-manager</Filter>
    </ClCompile>
    <ClCompile Include="storage\innobase\page\page0cur.c">
      <Filter>storage\innobase\page</Filter>
    </ClCompile>
    <ClCompile Include="storage\innobase\page\page0page.c">
      <Filter>storage\innobase\page</Filter>
    </ClCompile>
    <ClCompile Include="storage\innobase\row\row0ins.c">
      <Filter>storage\innobase\row</Filter>
    </ClCompile>
    <ClCompile Include="storage\innobase\row\row0mysql.c">
      <Filter>storage\innobase\row</Filter>
    </ClCompile>
    <ClCompile Include="storage\innobase\row\row0purge.c">
      <Filter>storage\innobase\row</Filter>
    </ClCompile>
    <ClCompile Include="storage\innobase\row\row0row.c">
      <Filter>storage\innobase\row</Filter>
    </ClCompile>
    <ClCompile Include="storage\innobase\row\row0sel.c">
      <Filter>storage\innobase\row</Filter>
    </ClCompile>
    <ClCompile Include="storage\innobase\row\row0uins.c">
      <Filter>storage\innobase\row</Filter>
    </ClCompile>
    <ClCompile Include="storage\innobase\row\row0umod.c">
      <Filter>storage\innobase\row</Filter>
    </ClCompile>
    <ClCompile Include="storage\innobase\row\row0undo.c">
      <Filter>storage\innobase\row</Filter>
    </ClCompile>
    <ClCompile Include="storage\innobase\row\row0upd.c">
      <Filter>storage\innobase\row</Filter>
    </ClCompile>
    <ClCompile Include="storage\innobase\row\row0vers.c">
      <Filter>storage\innobase\row</Filter>
    </ClCompile>
    <ClCompile Include="storage\innobase\rem\rem0cmp.c">
      <Filter>storage\innobase\rem</Filter>
    </ClCompile>
    <ClCompile Include="storage\innobase\rem\rem0rec.c">
      <Filter>storage\innobase\rem</Filter>
    </ClCompile>
    <ClCompile Include="storage\innobase\read\read0read.c">
      <Filter>storage\innobase\read</Filter>
    </ClCompile>
    <ClCompile Include="storage\innobase\que\que0que.c">
      <Filter>storage\innobase\que</Filter>
    </ClCompile>
    <ClCompile Include="storage\innobase\handler\ha_innodb.cc">
      <Filter>storage\innobase\handler</Filter>
    </ClCompile>
    <ClCompile Include="storage\innobase\dict\dict0boot.c">
      <Filter>storage\innobase\dict</Filter>
    </ClCompile>
    <ClCompile Include="storage\innobase\dict\dict0crea.c">
      <Filter>storage\innobase\dict</Filter>
    </ClCompile>
    <ClCompile Include="storage\innobase\dict\dict0dict.c">
      <Filter>storage\innobase\dict</Filter>
    </ClCompile>
    <ClCompile Include="storage\innobase\dict\dict0load.c">
      <Filter>storage\innobase\dict</Filter>
    </ClCompile>
    <ClCompile Include="storage\innobase\dict\dict0mem.c">
      <Filter>storage\innobase\dict</Filter>
    </ClCompile>
    <ClCompile Include="storage\innobase\buf\buf0buf.c">
      <Filter>storage\innobase\buf</Filter>
    </ClCompile>
    <ClCompile Include="storage\innobase\buf\buf0flu.c">
      <Filter>storage\innobase\buf</Filter>
    </ClCompile>
    <ClCompile Include="storage\innobase\buf\buf0lru.c">
      <Filter>storage\innobase\buf</Filter>
    </ClCompile>
    <ClCompile Include="storage\innobase\buf\buf0rea.c">
      <Filter>storage\innobase\buf</Filter>
    </ClCompile>
    <ClCompile Include="storage\innobase\btr\btr0btr.c">
      <Filter>storage\innobase\btr</Filter>
    </ClCompile>
    <ClCompile Include="storage\innobase\btr\btr0cur.c">
      <Filter>storage\innobase\btr</Filter>
    </ClCompile>
    <ClCompile Include="storage\innobase\btr\btr0pcur.c">
      <Filter>storage\innobase\btr</Filter>
    </ClCompile>
    <ClCompile Include="storage\innobase\btr\btr0sea.c">
      <Filter>storage\innobase\btr</Filter>
    </ClCompile>
    <ClCompile Include="storage\innobase\log\log0log.c">
      <Filter>storage\innobase\log</Filter>
    </ClCompile>
    <ClCompile Include="storage\innobase\log\log0recv.c">
      <Filter>storage\innobase\log</Filter>
    </ClCompile>
    <ClCompile Include="storage\innobase\ibuf\ibuf0ibuf.c">
      <Filter>storage\innobase\ibuf</Filter>
    </ClCompile>
    <ClCompile Include="storage\innobase\lock\lock0iter.c">
      <Filter>storage\innobase\lock</Filter>
    </ClCompile>
    <ClCompile Include="storage\innobase\lock\lock0lock.c">
      <Filter>storage\innobase\lock</Filter>
    </ClCompile>
    <ClCompile Include="storage\innobase\dyn\dyn0dyn.c">
      <Filter>storage\innobase\dyn</Filter>
    </ClCompile>
    <ClCompile Include="storage\innobase\srv\srv0que.c">
      <Filter>storage\innobase\srv</Filter>
    </ClCompile>
    <ClCompile Include="storage\innobase\srv\srv0srv.c">
      <Filter>storage\innobase\srv</Filter>
    </ClCompile>
    <ClCompile Include="storage\innobase\srv\srv0start.c">
      <Filter>storage\innobase\srv</Filter>
    </ClCompile>
    <ClCompile Include="storage\innobase\sync\sync0arr.c">
      <Filter>storage\innobase\sync</Filter>
    </ClCompile>
    <ClCompile Include="storage\innobase\sync\sync0rw.c">
      <Filter>storage\innobase\sync</Filter>
    </ClCompile>
    <ClCompile Include="storage\innobase\sync\sync0sync.c">
      <Filter>storage\innobase\sync</Filter>
    </ClCompile>
    <ClCompile Include="storage\innobase\usr\usr0sess.c">
      <Filter>storage\innobase\usr</Filter>
    </ClCompile>
    <ClCompile Include="storage\innobase\trx\trx0purge.c">
      <Filter>storage\innobase\trx</Filter>
    </ClCompile>
    <ClCompile Include="storage\innobase\trx\trx0rec.c">
      <Filter>storage\innobase\trx</Filter>
    </ClCompile>
    <ClCompile Include="storage\innobase\trx\trx0roll.c">
      <Filter>storage\innobase\trx</Filter>
    </ClCompile>
    <ClCompile Include="storage\innobase\trx\trx0rseg.c">
      <Filter>storage\innobase\trx</Filter>
    </ClCompile>
    <ClCompile Include="storage\innobase\trx\trx0sys.c">
      <Filter>storage\innobase\trx</Filter>
    </ClCompile>
    <ClCompile Include="storage\innobase\trx\trx0trx.c">
      <Filter>storage\innobase\trx</Filter>
    </ClCompile>
    <ClCompile Include="storage\innobase\trx\trx0undo.c">
      <Filter>storage\innobase\trx</Filter>
    </ClCompile>
    <ClCompile Include="storage\innobase\thr\thr0loc.c">
      <Filter>storage\innobase\thr</Filter>
    </ClCompile>
    <ClCompile Include="storage\innobase\mtr\mtr0log.c">
      <Filter>storage\innobase\mtr</Filter>
    </ClCompile>
    <ClCompile Include="storage\innobase\mtr\mtr0mtr.c">
      <Filter>storage\innobase\mtr</Filter>
    </ClCompile>
    <ClCompile Include="storage\innobase\mach\mach0data.c">
      <Filter>storage\innobase\mach</Filter>
    </ClCompile>
    <ClCompile Include="storage\innobase\fsp\fsp0fsp.c">
      <Filter>storage\innobase\fsp</Filter>
    </ClCompile>
    <ClCompile Include="storage\innobase\fil\fil0fil.c">
      <Filter>storage\innobase\fil</Filter>
    </ClCompile>
    <ClCompile Include="storage\innobase\data\data0data.c">
      <Filter>storage\innobase\data</Filter>
    </ClCompile>
    <ClCompile Include="storage\innobase\data\data0type.c">
      <Filter>storage\innobase\data</Filter>
    </ClCompile>
    <ClCompile Include="storage\innobase\eval\eval0eval.c">
      <Filter>storage\innobase\eval</Filter>
    </ClCompile>
    <ClCompile Include="storage\innobase\eval\eval0proc.c">
      <Filter>storage\innobase\eval</Filter>
    </ClCompile>
    <ClCompile Include="storage\innobase\fut\fut0fut.c">
      <Filter>storage\innobase\fut</Filter>
    </ClCompile>
    <ClCompile Include="storage\innobase\fut\fut0lst.c">
      <Filter>storage\innobase\fut</Filter>
    </ClCompile>
    <ClCompile Include="storage\innobase\ha\ha0ha.c">
      <Filter>storage\innobase\ha</Filter>
    </ClCompile>
    <ClCompile Include="storage\innobase\ha\hash0hash.c">
      <Filter>storage\innobase\ha</Filter>
    </ClCompile>
    <ClCompile Include="storage\innobase\pars\lexyy.c">
      <Filter>storage\innobase\pars</Filter>
    </ClCompile>
    <ClCompile Include="storage\innobase\pars\pars0grm.c">
      <Filter>storage\innobase\pars</Filter>
    </ClCompile>
    <ClCompile Include="storage\innobase\pars\pars0opt.c">
      <Filter>storage\innobase\pars</Filter>
    </ClCompile>
    <ClCompile Include="storage\innobase\pars\pars0pars.c">
      <Filter>storage\innobase\pars</Filter>
    </ClCompile>
    <ClCompile Include="storage\innobase\pars\pars0sym.c">
      <Filter>storage\innobase\pars</Filter>
    </ClCompile>
  </ItemGroup>
  <ItemGroup>
    <ClInclude Include="storage\innobase\include\btr0btr.h">
      <Filter>storage\innobase\include</Filter>
    </ClInclude>
    <ClInclude Include="storage\innobase\include\btr0cur.h">
      <Filter>storage\innobase\include</Filter>
    </ClInclude>
    <ClInclude Include="storage\innobase\include\btr0pcur.h">
      <Filter>storage\innobase\include</Filter>
    </ClInclude>
    <ClInclude Include="storage\innobase\include\btr0sea.h">
      <Filter>storage\innobase\include</Filter>
    </ClInclude>
    <ClInclude Include="storage\innobase\include\btr0types.h">
      <Filter>storage\innobase\include</Filter>
    </ClInclude>
    <ClInclude Include="storage\innobase\include\buf0buf.h">
      <Filter>storage\innobase\include</Filter>
    </ClInclude>
    <ClInclude Include="storage\innobase\include\buf0flu.h">
      <Filter>storage\innobase\include</Filter>
    </ClInclude>
    <ClInclude Include="storage\innobase\include\buf0lru.h">
      <Filter>storage\innobase\include</Filter>
    </ClInclude>
    <ClInclude Include="storage\innobase\include\buf0rea.h">
      <Filter>storage\innobase\include</Filter>
    </ClInclude>
    <ClInclude Include="storage\innobase\include\buf0types.h">
      <Filter>storage\innobase\include</Filter>
    </ClInclude>
    <ClInclude Include="storage\innobase\include\data0data.h">
      <Filter>storage\innobase\include</Filter>
    </ClInclude>
    <ClInclude Include="storage\innobase\include\data0type.h">
      <Filter>storage\innobase\include</Filter>
    </ClInclude>
    <ClInclude Include="storage\innobase\include\data0types.h">
      <Filter>storage\innobase\include</Filter>
    </ClInclude>
    <ClInclude Include="storage\innobase\include\db0err.h">
      <Filter>storage\innobase\include</Filter>
    </ClInclude>
    <ClInclude Include="storage\innobase\include\dict0boot.h">
      <Filter>storage\innobase\include</Filter>
    </ClInclude>
    <ClInclude Include="storage\innobase\include\dict0crea.h">
      <Filter>storage\innobase\include</Filter>
    </ClInclude>
    <ClInclude Include="storage\innobase\include\dict0dict.h">
      <Filter>storage\innobase\include</Filter>
    </ClInclude>
    <ClInclude Include="storage\innobase\include\dict0load.h">
      <Filter>storage\innobase\include</Filter>
    </ClInclude>
    <ClInclude Include="storage\innobase\include\dict0mem.h">
      <Filter>storage\innobase\include</Filter>
    </ClInclude>
    <ClInclude Include="storage\innobase\include\dict0types.h">
      <Filter>storage\innobase\include</Filter>
    </ClInclude>
    <ClInclude Include="storage\innobase\include\dyn0dyn.h">
      <Filter>storage\innobase\include</Filter>
    </ClInclude>
    <ClInclude Include="storage\innobase\include\eval0eval.h">
      <Filter>storage\innobase\include</Filter>
    </ClInclude>
    <ClInclude Include="storage\innobase\include\eval0proc.h">
      <Filter>storage\innobase\include</Filter>
    </ClInclude>
    <ClInclude Include="storage\innobase\include\fil0fil.h">
      <Filter>storage\innobase\include</Filter>
    </ClInclude>
    <ClInclude Include="storage\innobase\include\fsp0fsp.h">
      <Filter>storage\innobase\include</Filter>
    </ClInclude>
    <ClInclude Include="storage\innobase\include\fsp0types.h">
      <Filter>storage\innobase\include</Filter>
    </ClInclude>
    <ClInclude Include="storage\innobase\include\fut0fut.h">
      <Filter>storage\innobase\include</Filter>
    </ClInclude>
    <ClInclude Include="storage\innobase\include\fut0lst.h">
      <Filter>storage\innobase\include</Filter>
    </ClInclude>
    <ClInclude Include="storage\innobase\include\ha_prototypes.h">
      <Filter>storage\innobase\include</Filter>
    </ClInclude>
    <ClInclude Include="storage\innobase\include\ha0ha.h">
      <Filter>storage\innobase\include</Filter>
    </ClInclude>
    <ClInclude Include="storage\innobase\include\hash0hash.h">
      <Filter>storage\innobase\include</Filter>
    </ClInclude>
    <ClInclude Include="storage\innobase\include\ibuf0ibuf.h">
      <Filter>storage\innobase\include</Filter>
    </ClInclude>
    <ClInclude Include="storage\innobase\include\ibuf0types.h">
      <Filter>storage\innobase\include</Filter>
    </ClInclude>
    <ClInclude Include="storage\innobase\include\lock0iter.h">
      <Filter>storage\innobase\include</Filter>
    </ClInclude>
    <ClInclude Include="storage\innobase\include\lock0lock.h">
      <Filter>storage\innobase\include</Filter>
    </ClInclude>
    <ClInclude Include="storage\innobase\include\lock0priv.h">
      <Filter>storage\innobase\include</Filter>
    </ClInclude>
    <ClInclude Include="storage\innobase\include\lock0types.h">
      <Filter>storage\innobase\include</Filter>
    </ClInclude>
    <ClInclude Include="storage\innobase\include\log0log.h">
      <Filter>storage\innobase\include</Filter>
    </ClInclude>
    <ClInclude Include="storage\innobase\include\log0recv.h">
      <Filter>storage\innobase\include</Filter>
    </ClInclude>
    <ClInclude Include="storage\innobase\include\mach0data.h">
      <Filter>storage\innobase\include</Filter>
    </ClInclude>
    <ClInclude Include="storage\innobase\include\mem0dbg.h">
      <Filter>storage\innobase\include</Filter>
    </ClInclude>
    <ClInclude Include="storage\innobase\include\mem0mem.h">
      <Filter>storage\innobase\include</Filter>
    </ClInclude>
    <ClInclude Include="storage\innobase\include\mem0pool.h">
      <Filter>storage\innobase\include</Filter>
    </ClInclude>
    <ClInclude Include="storage\innobase\include\mtr0log.h">
      <Filter>storage\innobase\include</Filter>
    </ClInclude>
    <ClInclude Include="storage\innobase\include\mtr0mtr.h">
      <Filter>storage\innobase\include</Filter>
    </ClInclude>
    <ClInclude Include="storage\innobase\include\mtr0types.h">
      <Filter>storage\innobase\include</Filter>
    </ClInclude>
    <ClInclude Include="storage\innobase\include\os0file.h">
      <Filter>storage\innobase\include</Filter>
    </ClInclude>
    <ClInclude Include="storage\innobase\include\os0proc.h">
      <Filter>storage\innobase\include</Filter>
    </ClInclude>
    <ClInclude Include="storage\innobase\include\os0sync.h">
      <Filter>storage\innobase\include</Filter>
    </ClInclude>
    <ClInclude Include="storage\innobase\include\os0thread.h">
      <Filter>storage\innobase\include</Filter>
    </ClInclude>
    <ClInclude Include="storage\innobase\include\page0cur.h">
      <Filter>storage\innobase\include</Filter>
    </ClInclude>
    <ClInclude Include="storage\innobase\include\page0page.h">
      <Filter>storage\innobase\include</Filter>
    </ClInclude>
    <ClInclude Include="storage\innobase\include\page0types.h">
      <Filter>storage\innobase\include</Filter>
    </ClInclude>
    <ClInclude Include="storage\innobase\include\pars0grm.h">
      <Filter>storage\innobase\include</Filter>
    </ClInclude>
    <ClInclude Include="storage\innobase\include\pars0opt.h">
      <Filter>storage\innobase\include</Filter>
    </ClInclude>
    <ClInclude Include="storage\innobase\include\pars0pars.h">
      <Filter>storage\innobase\include</Filter>
    </ClInclude>
    <ClInclude Include="storage\innobase\include\pars0sym.h">
      <Filter>storage\innobase\include</Filter>
    </ClInclude>
    <ClInclude Include="storage\innobase\include\pars0types.h">
      <Filter>storage\innobase\include</Filter>
    </ClInclude>
    <ClInclude Include="storage\innobase\include\que0que.h">
      <Filter>storage\innobase\include</Filter>
    </ClInclude>
    <ClInclude Include="storage\innobase\include\que0types.h">
      <Filter>storage\innobase\include</Filter>
    </ClInclude>
    <ClInclude Include="storage\innobase\include\read0read.h">
      <Filter>storage\innobase\include</Filter>
    </ClInclude>
    <ClInclude Include="storage\innobase\include\read0types.h">
      <Filter>storage\innobase\include</Filter>
    </ClInclude>
    <ClInclude Include="storage\innobase\include\rem0cmp.h">
      <Filter>storage\innobase\include</Filter>
    </ClInclude>
    <ClInclude Include="storage\innobase\include\rem0rec.h">
      <Filter>storage\innobase\include</Filter>
    </ClInclude>
    <ClInclude Include="storage\innobase\include\rem0types.h">
      <Filter>storage\innobase\include</Filter>
    </ClInclude>
    <ClInclude Include="storage\innobase\include\row0ins.h">
      <Filter>storage\innobase\include</Filter>
    </ClInclude>
    <ClInclude Include="storage\innobase\include\row0mysql.h">
      <Filter>storage\innobase\include</Filter>
    </ClInclude>
    <ClInclude Include="storage\innobase\include\row0purge.h">
      <Filter>storage\innobase\include</Filter>
    </ClInclude>
    <ClInclude Include="storage\innobase\include\row0row.h">
      <Filter>storage\innobase\include</Filter>
    </ClInclude>
    <ClInclude Include="storage\innobase\include\row0sel.h">
      <Filter>storage\innobase\include</Filter>
    </ClInclude>
    <ClInclude Include="storage\innobase\include\row0types.h">
      <Filter>storage\innobase\include</Filter>
    </ClInclude>
    <ClInclude Include="storage\innobase\include\row0uins.h">
      <Filter>storage\innobase\include</Filter>
    </ClInclude>
    <ClInclude Include="storage\innobase\include\row0umod.h">
      <Filter>storage\innobase\include</Filter>
    </ClInclude>
    <ClInclude Include="storage\innobase\include\row0undo.h">
      <Filter>storage\innobase\include</Filter>
    </ClInclude>
    <ClInclude Include="storage\innobase\include\row0upd.h">
      <Filter>storage\innobase\include</Filter>
    </ClInclude>
    <ClInclude Include="storage\innobase\include\row0vers.h">
      <Filter>storage\innobase\include</Filter>
    </ClInclude>
    <ClInclude Include="storage\innobase\include\srv0que.h">
      <Filter>storage\innobase\include</Filter>
    </ClInclude>
    <ClInclude Include="storage\innobase\include\srv0srv.h">
      <Filter>storage\innobase\include</Filter>
    </ClInclude>
    <ClInclude Include="storage\innobase\include\srv0start.h">
      <Filter>storage\innobase\include</Filter>
    </ClInclude>
    <ClInclude Include="storage\innobase\include\sync0arr.h">
      <Filter>storage\innobase\include</Filter>
    </ClInclude>
    <ClInclude Include="storage\innobase\include\sync0rw.h">
      <Filter>storage\innobase\include</Filter>
    </ClInclude>
    <ClInclude Include="storage\innobase\include\sync0sync.h">
      <Filter>storage\innobase\include</Filter>
    </ClInclude>
    <ClInclude Include="storage\innobase\include\sync0types.h">
      <Filter>storage\innobase\include</Filter>
    </ClInclude>
    <ClInclude Include="storage\innobase\include\thr0loc.h">
      <Filter>storage\innobase\include</Filter>
    </ClInclude>
    <ClInclude Include="storage\innobase\include\trx0purge.h">
      <Filter>storage\innobase\include</Filter>
    </ClInclude>
    <ClInclude Include="storage\innobase\include\trx0rec.h">
      <Filter>storage\innobase\include</Filter>
    </ClInclude>
    <ClInclude Include="storage\innobase\include\trx0roll.h">
      <Filter>storage\innobase\include</Filter>
    </ClInclude>
    <ClInclude Include="storage\innobase\include\trx0rseg.h">
      <Filter>storage\innobase\include</Filter>
    </ClInclude>
    <ClInclude Include="storage\innobase\include\trx0sys.h">
      <Filter>storage\innobase\include</Filter>
    </ClInclude>
    <ClInclude Include="storage\innobase\include\trx0trx.h">
      <Filter>storage\innobase\include</Filter>
    </ClInclude>
    <ClInclude Include="storage\innobase\include\trx0types.h">
      <Filter>storage\innobase\include</Filter>
    </ClInclude>
    <ClInclude Include="storage\innobase\include\trx0undo.h">
      <Filter>storage\innobase\include</Filter>
    </ClInclude>
    <ClInclude Include="storage\innobase\include\trx0xa.h">
      <Filter>storage\innobase\include</Filter>
    </ClInclude>
    <ClInclude Include="storage\innobase\include\usr0sess.h">
      <Filter>storage\innobase\include</Filter>
    </ClInclude>
    <ClInclude Include="storage\innobase\include\usr0types.h">
      <Filter>storage\innobase\include</Filter>
    </ClInclude>
    <ClInclude Include="storage\innobase\include\ut0byte.h">
      <Filter>storage\innobase\include</Filter>
    </ClInclude>
    <ClInclude Include="storage\innobase\include\ut0dbg.h">
      <Filter>storage\innobase\include</Filter>
    </ClInclude>
    <ClInclude Include="storage\innobase\include\ut0list.h">
      <Filter>storage\innobase\include</Filter>
    </ClInclude>
    <ClInclude Include="storage\innobase\include\ut0lst.h">
      <Filter>storage\innobase\include</Filter>
    </ClInclude>
    <ClInclude Include="storage\innobase\include\ut0mem.h">
      <Filter>storage\innobase\include</Filter>
    </ClInclude>
    <ClInclude Include="storage\innobase\include\ut0rnd.h">
      <Filter>storage\innobase\include</Filter>
    </ClInclude>
    <ClInclude Include="storage\innobase\include\ut0sort.h">
      <Filter>storage\innobase\include</Filter>
    </ClInclude>
    <ClInclude Include="storage\innobase\include\ut0ut.h">
      <Filter>storage\innobase\include</Filter>
    </ClInclude>
    <ClInclude Include="storage\innobase\include\ut0vec.h">
      <Filter>storage\innobase\include</Filter>
    </ClInclude>
    <ClInclude Include="storage\innobase\include\ut0wqueue.h">
      <Filter>storage\innobase\include</Filter>
    </ClInclude>
    <ClInclude Include="sql\authors.h">
      <Filter>sql</Filter>
    </ClInclude>
    <ClInclude Include="sql\client_settings.h">
      <Filter>sql</Filter>
    </ClInclude>
    <ClInclude Include="sql\contributors.h">
      <Filter>sql</Filter>
    </ClInclude>
    <ClInclude Include="sql\debug_sync.h">
      <Filter>sql</Filter>
    </ClInclude>
    <ClInclude Include="sql\event_data_objects.h">
      <Filter>sql</Filter>
    </ClInclude>
    <ClInclude Include="sql\event_db_repository.h">
      <Filter>sql</Filter>
    </ClInclude>
    <ClInclude Include="sql\event_parse_data.h">
      <Filter>sql</Filter>
    </ClInclude>
    <ClInclude Include="sql\event_queue.h">
      <Filter>sql</Filter>
    </ClInclude>
    <ClInclude Include="sql\event_scheduler.h">
      <Filter>sql</Filter>
    </ClInclude>
    <ClInclude Include="sql\events.h">
      <Filter>sql</Filter>
    </ClInclude>
    <ClInclude Include="sql\field.h">
      <Filter>sql</Filter>
    </ClInclude>
    <ClInclude Include="sql\gstream.h">
      <Filter>sql</Filter>
    </ClInclude>
    <ClInclude Include="sql\ha_ndbcluster.h">
      <Filter>sql</Filter>
    </ClInclude>
    <ClInclude Include="sql\ha_ndbcluster_binlog.h">
      <Filter>sql</Filter>
    </ClInclude>
    <ClInclude Include="sql\ha_ndbcluster_cond.h">
      <Filter>sql</Filter>
    </ClInclude>
    <ClInclude Include="sql\ha_ndbcluster_tables.h">
      <Filter>sql</Filter>
    </ClInclude>
    <ClInclude Include="sql\ha_partition.h">
      <Filter>sql</Filter>
    </ClInclude>
    <ClInclude Include="sql\handler.h">
      <Filter>sql</Filter>
    </ClInclude>
    <ClInclude Include="sql\hash_filo.h">
      <Filter>sql</Filter>
    </ClInclude>
    <ClInclude Include="sql\item.h">
      <Filter>sql</Filter>
    </ClInclude>
    <ClInclude Include="sql\item_cmpfunc.h">
      <Filter>sql</Filter>
    </ClInclude>
    <ClInclude Include="sql\item_create.h">
      <Filter>sql</Filter>
    </ClInclude>
    <ClInclude Include="sql\item_func.h">
      <Filter>sql</Filter>
    </ClInclude>
    <ClInclude Include="sql\item_geofunc.h">
      <Filter>sql</Filter>
    </ClInclude>
    <ClInclude Include="sql\item_row.h">
      <Filter>sql</Filter>
    </ClInclude>
    <ClInclude Include="sql\item_strfunc.h">
      <Filter>sql</Filter>
    </ClInclude>
    <ClInclude Include="sql\item_subselect.h">
      <Filter>sql</Filter>
    </ClInclude>
    <ClInclude Include="sql\item_sum.h">
      <Filter>sql</Filter>
    </ClInclude>
    <ClInclude Include="sql\item_timefunc.h">
      <Filter>sql</Filter>
    </ClInclude>
    <ClInclude Include="sql\item_xmlfunc.h">
      <Filter>sql</Filter>
    </ClInclude>
    <ClInclude Include="sql\lex.h">
      <Filter>sql</Filter>
    </ClInclude>
    <ClInclude Include="sql\lex_symbol.h">
      <Filter>sql</Filter>
    </ClInclude>
    <ClInclude Include="sql\log.h">
      <Filter>sql</Filter>
    </ClInclude>
    <ClInclude Include="sql\log_event.h">
      <Filter>sql</Filter>
    </ClInclude>
    <ClInclude Include="sql\log_event_old.h">
      <Filter>sql</Filter>
    </ClInclude>
    <ClInclude Include="sql\mem_root_array.h">
      <Filter>sql</Filter>
    </ClInclude>
    <ClInclude Include="sql\message.h">
      <Filter>sql</Filter>
    </ClInclude>
    <ClInclude Include="sql\my_decimal.h">
      <Filter>sql</Filter>
    </ClInclude>
    <ClInclude Include="sql\mysql_priv.h">
      <Filter>sql</Filter>
    </ClInclude>
    <ClInclude Include="sql\mysqld_suffix.h">
      <Filter>sql</Filter>
    </ClInclude>
    <ClInclude Include="sql\nt_servc.h">
      <Filter>sql</Filter>
    </ClInclude>
    <ClInclude Include="sql\opt_range.h">
      <Filter>sql</Filter>
    </ClInclude>
    <ClInclude Include="sql\parse_file.h">
      <Filter>sql</Filter>
    </ClInclude>
    <ClInclude Include="sql\partition_element.h">
      <Filter>sql</Filter>
    </ClInclude>
    <ClInclude Include="sql\partition_info.h">
      <Filter>sql</Filter>
    </ClInclude>
    <ClInclude Include="sql\procedure.h">
      <Filter>sql</Filter>
    </ClInclude>
    <ClInclude Include="sql\protocol.h">
      <Filter>sql</Filter>
    </ClInclude>
    <ClInclude Include="sql\repl_failsafe.h">
      <Filter>sql</Filter>
    </ClInclude>
    <ClInclude Include="sql\rpl_constants.h">
      <Filter>sql</Filter>
    </ClInclude>
    <ClInclude Include="sql\rpl_filter.h">
      <Filter>sql</Filter>
    </ClInclude>
    <ClInclude Include="sql\rpl_injector.h">
      <Filter>sql</Filter>
    </ClInclude>
    <ClInclude Include="sql\rpl_mi.h">
      <Filter>sql</Filter>
    </ClInclude>
    <ClInclude Include="sql\rpl_record.h">
      <Filter>sql</Filter>
    </ClInclude>
    <ClInclude Include="sql\rpl_record_old.h">
      <Filter>sql</Filter>
    </ClInclude>
    <ClInclude Include="sql\rpl_reporting.h">
      <Filter>sql</Filter>
    </ClInclude>
    <ClInclude Include="sql\rpl_rli.h">
      <Filter>sql</Filter>
    </ClInclude>
    <ClInclude Include="sql\rpl_tblmap.h">
      <Filter>sql</Filter>
    </ClInclude>
    <ClInclude Include="sql\rpl_utility.h">
      <Filter>sql</Filter>
    </ClInclude>
    <ClInclude Include="sql\scheduler.h">
      <Filter>sql</Filter>
    </ClInclude>
    <ClInclude Include="sql\set_var.h">
      <Filter>sql</Filter>
    </ClInclude>
    <ClInclude Include="sql\slave.h">
      <Filter>sql</Filter>
    </ClInclude>
    <ClInclude Include="sql\sp.h">
      <Filter>sql</Filter>
    </ClInclude>
    <ClInclude Include="sql\sp_cache.h">
      <Filter>sql</Filter>
    </ClInclude>
    <ClInclude Include="sql\sp_head.h">
      <Filter>sql</Filter>
    </ClInclude>
    <ClInclude Include="sql\sp_pcontext.h">
      <Filter>sql</Filter>
    </ClInclude>
    <ClInclude Include="sql\sp_rcontext.h">
      <Filter>sql</Filter>
    </ClInclude>
    <ClInclude Include="sql\spatial.h">
      <Filter>sql</Filter>
    </ClInclude>
    <ClInclude Include="sql\sql_acl.h">
      <Filter>sql</Filter>
    </ClInclude>
    <ClInclude Include="sql\sql_analyse.h">
      <Filter>sql</Filter>
    </ClInclude>
    <ClInclude Include="sql\sql_array.h">
      <Filter>sql</Filter>
    </ClInclude>
    <ClInclude Include="sql\sql_bitmap.h">
      <Filter>sql</Filter>
    </ClInclude>
    <ClInclude Include="sql\sql_cache.h">
      <Filter>sql</Filter>
    </ClInclude>
    <ClInclude Include="sql\sql_class.h">
      <Filter>sql</Filter>
    </ClInclude>
    <ClInclude Include="sql\sql_crypt.h">
      <Filter>sql</Filter>
    </ClInclude>
    <ClInclude Include="sql\sql_cursor.h">
      <Filter>sql</Filter>
    </ClInclude>
    <ClInclude Include="sql\sql_error.h">
      <Filter>sql</Filter>
    </ClInclude>
    <ClInclude Include="sql\sql_lex.h">
      <Filter>sql</Filter>
    </ClInclude>
    <ClInclude Include="sql\sql_list.h">
      <Filter>sql</Filter>
    </ClInclude>
    <ClInclude Include="sql\sql_map.h">
      <Filter>sql</Filter>
    </ClInclude>
    <ClInclude Include="sql\sql_partition.h">
      <Filter>sql</Filter>
    </ClInclude>
    <ClInclude Include="sql\sql_plugin.h">
      <Filter>sql</Filter>
    </ClInclude>
    <ClInclude Include="sql\sql_profile.h">
      <Filter>sql</Filter>
    </ClInclude>
    <ClInclude Include="sql\sql_repl.h">
      <Filter>sql</Filter>
    </ClInclude>
    <ClInclude Include="sql\sql_select.h">
      <Filter>sql</Filter>
    </ClInclude>
    <ClInclude Include="sql\sql_servers.h">
      <Filter>sql</Filter>
    </ClInclude>
    <ClInclude Include="sql\sql_show.h">
      <Filter>sql</Filter>
    </ClInclude>
    <ClInclude Include="sql\sql_sort.h">
      <Filter>sql</Filter>
    </ClInclude>
    <ClInclude Include="sql\sql_string.h">
      <Filter>sql</Filter>
    </ClInclude>
    <ClInclude Include="sql\sql_trigger.h">
      <Filter>sql</Filter>
    </ClInclude>
    <ClInclude Include="sql\sql_udf.h">
      <Filter>sql</Filter>
    </ClInclude>
    <ClInclude Include="sql\sql_view.h">
      <Filter>sql</Filter>
    </ClInclude>
    <ClInclude Include="sql\sql_yacc.h">
      <Filter>sql</Filter>
    </ClInclude>
    <ClInclude Include="sql\structs.h">
      <Filter>sql</Filter>
    </ClInclude>
    <ClInclude Include="sql\table.h">
      <Filter>sql</Filter>
    </ClInclude>
    <ClInclude Include="sql\tzfile.h">
      <Filter>sql</Filter>
    </ClInclude>
    <ClInclude Include="sql\tztime.h">
      <Filter>sql</Filter>
    </ClInclude>
    <ClInclude Include="sql\unireg.h">
      <Filter>sql</Filter>
    </ClInclude>
    <ClInclude Include="server-tools\instance-manager\angel.h">
      <Filter>server-tools\instance-manager</Filter>
    </ClInclude>
    <ClInclude Include="server-tools\instance-manager\buffer.h">
      <Filter>server-tools\instance-manager</Filter>
    </ClInclude>
    <ClInclude Include="server-tools\instance-manager\command.h">
      <Filter>server-tools\instance-manager</Filter>
    </ClInclude>
    <ClInclude Include="server-tools\instance-manager\commands.h">
      <Filter>server-tools\instance-manager</Filter>
    </ClInclude>
    <ClInclude Include="server-tools\instance-manager\exit_codes.h">
      <Filter>server-tools\instance-manager</Filter>
    </ClInclude>
    <ClInclude Include="server-tools\instance-manager\guardian.h">
      <Filter>server-tools\instance-manager</Filter>
    </ClInclude>
    <ClInclude Include="server-tools\instance-manager\IMService.h">
      <Filter>server-tools\instance-manager</Filter>
    </ClInclude>
    <ClInclude Include="server-tools\instance-manager\instance.h">
      <Filter>server-tools\instance-manager</Filter>
    </ClInclude>
    <ClInclude Include="server-tools\instance-manager\instance_map.h">
      <Filter>server-tools\instance-manager</Filter>
    </ClInclude>
    <ClInclude Include="server-tools\instance-manager\instance_options.h">
      <Filter>server-tools\instance-manager</Filter>
    </ClInclude>
    <ClInclude Include="server-tools\instance-manager\listener.h">
      <Filter>server-tools\instance-manager</Filter>
    </ClInclude>
    <ClInclude Include="server-tools\instance-manager\log.h">
      <Filter>server-tools\instance-manager</Filter>
    </ClInclude>
    <ClInclude Include="server-tools\instance-manager\manager.h">
      <Filter>server-tools\instance-manager</Filter>
    </ClInclude>
    <ClInclude Include="server-tools\instance-manager\messages.h">
      <Filter>server-tools\instance-manager</Filter>
    </ClInclude>
    <ClInclude Include="server-tools\instance-manager\mysql_connection.h">
      <Filter>server-tools\instance-manager</Filter>
    </ClInclude>
    <ClInclude Include="server-tools\instance-manager\mysql_manager_error.h">
      <Filter>server-tools\instance-manager</Filter>
    </ClInclude>
    <ClInclude Include="server-tools\instance-manager\options.h">
      <Filter>server-tools\instance-manager</Filter>
    </ClInclude>
    <ClInclude Include="server-tools\instance-manager\parse.h">
      <Filter>server-tools\instance-manager</Filter>
    </ClInclude>
    <ClInclude Include="server-tools\instance-manager\parse_output.h">
      <Filter>server-tools\instance-manager</Filter>
    </ClInclude>
    <ClInclude Include="server-tools\instance-manager\portability.h">
      <Filter>server-tools\instance-manager</Filter>
    </ClInclude>
    <ClInclude Include="server-tools\instance-manager\priv.h">
      <Filter>server-tools\instance-manager</Filter>
    </ClInclude>
    <ClInclude Include="server-tools\instance-manager\protocol.h">
      <Filter>server-tools\instance-manager</Filter>
    </ClInclude>
    <ClInclude Include="server-tools\instance-manager\thread_registry.h">
      <Filter>server-tools\instance-manager</Filter>
    </ClInclude>
    <ClInclude Include="server-tools\instance-manager\user_management_commands.h">
      <Filter>server-tools\instance-manager</Filter>
    </ClInclude>
    <ClInclude Include="server-tools\instance-manager\user_map.h">
      <Filter>server-tools\instance-manager</Filter>
    </ClInclude>
    <ClInclude Include="server-tools\instance-manager\WindowsService.h">
      <Filter>server-tools\instance-manager</Filter>
    </ClInclude>
    <ClInclude Include="storage\innobase\handler\ha_innodb.h">
      <Filter>storage\innobase\handler</Filter>
    </ClInclude>
  </ItemGroup>
  <ItemGroup>
    <None Include="storage\innobase\include\btr0btr.ic">
      <Filter>storage\innobase\include</Filter>
    </None>
    <None Include="storage\innobase\include\btr0cur.ic">
      <Filter>storage\innobase\include</Filter>
    </None>
    <None Include="storage\innobase\include\btr0pcur.ic">
      <Filter>storage\innobase\include</Filter>
    </None>
    <None Include="storage\innobase\include\btr0sea.ic">
      <Filter>storage\innobase\include</Filter>
    </None>
    <None Include="storage\innobase\include\buf0buf.ic">
      <Filter>storage\innobase\include</Filter>
    </None>
    <None Include="storage\innobase\include\buf0flu.ic">
      <Filter>storage\innobase\include</Filter>
    </None>
    <None Include="storage\innobase\include\buf0lru.ic">
      <Filter>storage\innobase\include</Filter>
    </None>
    <None Include="storage\innobase\include\data0data.ic">
      <Filter>storage\innobase\include</Filter>
    </None>
    <None Include="storage\innobase\include\data0type.ic">
      <Filter>storage\innobase\include</Filter>
    </None>
    <None Include="storage\innobase\include\dict0boot.ic">
      <Filter>storage\innobase\include</Filter>
    </None>
    <None Include="storage\innobase\include\dict0crea.ic">
      <Filter>storage\innobase\include</Filter>
    </None>
    <None Include="storage\innobase\include\dict0dict.ic">
      <Filter>storage\innobase\include</Filter>
    </None>
    <None Include="storage\innobase\include\dict0load.ic">
      <Filter>storage\innobase\include</Filter>
    </None>
    <None Include="storage\innobase\include\dict0mem.ic">
      <Filter>storage\innobase\include</Filter>
    </None>
    <None Include="storage\innobase\include\dyn0dyn.ic">
      <Filter>storage\innobase\include</Filter>
    </None>
    <None Include="storage\innobase\include\eval0eval.ic">
      <Filter>storage\innobase\include</Filter>
    </None>
    <None Include="storage\innobase\include\eval0proc.ic">
      <Filter>storage\innobase\include</Filter>
    </None>
    <None Include="storage\innobase\include\fsp0fsp.ic">
      <Filter>storage\innobase\include</Filter>
    </None>
    <None Include="storage\innobase\include\fut0fut.ic">
      <Filter>storage\innobase\include</Filter>
    </None>
    <None Include="storage\innobase\include\fut0lst.ic">
      <Filter>storage\innobase\include</Filter>
    </None>
    <None Include="storage\innobase\include\ha0ha.ic">
      <Filter>storage\innobase\include</Filter>
    </None>
    <None Include="storage\innobase\include\hash0hash.ic">
      <Filter>storage\innobase\include</Filter>
    </None>
    <None Include="storage\innobase\include\ibuf0ibuf.ic">
      <Filter>storage\innobase\include</Filter>
    </None>
    <None Include="storage\innobase\include\lock0lock.ic">
      <Filter>storage\innobase\include</Filter>
    </None>
    <None Include="storage\innobase\include\lock0priv.ic">
      <Filter>storage\innobase\include</Filter>
    </None>
    <None Include="storage\innobase\include\log0log.ic">
      <Filter>storage\innobase\include</Filter>
    </None>
    <None Include="storage\innobase\include\log0recv.ic">
      <Filter>storage\innobase\include</Filter>
    </None>
    <None Include="storage\innobase\include\mach0data.ic">
      <Filter>storage\innobase\include</Filter>
    </None>
    <None Include="storage\innobase\include\mem0dbg.ic">
      <Filter>storage\innobase\include</Filter>
    </None>
    <None Include="storage\innobase\include\mem0mem.ic">
      <Filter>storage\innobase\include</Filter>
    </None>
    <None Include="storage\innobase\include\mem0pool.ic">
      <Filter>storage\innobase\include</Filter>
    </None>
    <None Include="storage\innobase\include\mtr0log.ic">
      <Filter>storage\innobase\include</Filter>
    </None>
    <None Include="storage\innobase\include\mtr0mtr.ic">
      <Filter>storage\innobase\include</Filter>
    </None>
    <None Include="storage\innobase\include\os0proc.ic">
      <Filter>storage\innobase\include</Filter>
    </None>
    <None Include="storage\innobase\include\os0sync.ic">
      <Filter>storage\innobase\include</Filter>
    </None>
    <None Include="storage\innobase\include\os0thread.ic">
      <Filter>storage\innobase\include</Filter>
    </None>
    <None Include="storage\innobase\include\page0cur.ic">
      <Filter>storage\innobase\include</Filter>
    </None>
    <None Include="storage\innobase\include\page0page.ic">
      <Filter>storage\innobase\include</Filter>
    </None>
    <None Include="storage\innobase\include\pars0opt.ic">
      <Filter>storage\innobase\include</Filter>
    </None>
    <None Include="storage\innobase\include\pars0pars.ic">
      <Filter>storage\innobase\include</Filter>
    </None>
    <None Include="storage\innobase\include\pars0sym.ic">
      <Filter>storage\innobase\include</Filter>
    </None>
    <None Include="storage\innobase\include\que0que.ic">
      <Filter>storage\innobase\include</Filter>
    </None>
    <None Include="storage\innobase\include\read0read.ic">
      <Filter>storage\innobase\include</Filter>
    </None>
    <None Include="storage\innobase\include\rem0cmp.ic">
      <Filter>storage\innobase\include</Filter>
    </None>
    <None Include="storage\innobase\include\rem0rec.ic">
      <Filter>storage\innobase\include</Filter>
    </None>
    <None Include="storage\innobase\include\row0ins.ic">
      <Filter>storage\innobase\include</Filter>
    </None>
    <None Include="storage\innobase\include\row0mysql.ic">
      <Filter>storage\innobase\include</Filter>
    </None>
    <None Include="storage\innobase\include\row0purge.ic">
      <Filter>storage\innobase\include</Filter>
    </None>
    <None Include="storage\innobase\include\row0row.ic">
      <Filter>storage\innobase\include</Filter>
    </None>
    <None Include="storage\innobase\include\row0sel.ic">
      <Filter>storage\innobase\include</Filter>
    </None>
    <None Include="storage\innobase\include\row0uins.ic">
      <Filter>storage\innobase\include</Filter>
    </None>
    <None Include="storage\innobase\include\row0umod.ic">
      <Filter>storage\innobase\include</Filter>
    </None>
    <None Include="storage\innobase\include\row0undo.ic">
      <Filter>storage\innobase\include</Filter>
    </None>
    <None Include="storage\innobase\include\row0upd.ic">
      <Filter>storage\innobase\include</Filter>
    </None>
    <None Include="storage\innobase\include\row0vers.ic">
      <Filter>storage\innobase\include</Filter>
    </None>
    <None Include="storage\innobase\include\srv0srv.ic">
      <Filter>storage\innobase\include</Filter>
    </None>
    <None Include="storage\innobase\include\sync0arr.ic">
      <Filter>storage\innobase\include</Filter>
    </None>
    <None Include="storage\innobase\include\sync0rw.ic">
      <Filter>storage\innobase\include</Filter>
    </None>
    <None Include="storage\innobase\include\sync0sync.ic">
      <Filter>storage\innobase\include</Filter>
    </None>
    <None Include="storage\innobase\include\thr0loc.ic">
      <Filter>storage\innobase\include</Filter>
    </None>
    <None Include="storage\innobase\include\trx0purge.ic">
      <Filter>storage\innobase\include</Filter>
    </None>
    <None Include="storage\innobase\include\trx0rec.ic">
      <Filter>storage\innobase\include</Filter>
    </None>
    <None Include="storage\innobase\include\trx0roll.ic">
      <Filter>storage\innobase\include</Filter>
    </None>
    <None Include="storage\innobase\include\trx0rseg.ic">
      <Filter>storage\innobase\include</Filter>
    </None>
    <None Include="storage\innobase\include\trx0sys.ic">
      <Filter>storage\innobase\include</Filter>
    </None>
    <None Include="storage\innobase\include\trx0trx.ic">
      <Filter>storage\innobase\include</Filter>
    </None>
    <None Include="storage\innobase\include\trx0undo.ic">
      <Filter>storage\innobase\include</Filter>
    </None>
    <None Include="storage\innobase\include\univ.i">
      <Filter>storage\innobase\include</Filter>
    </None>
    <None Include="storage\innobase\include\usr0sess.ic">
      <Filter>storage\innobase\include</Filter>
    </None>
    <None Include="storage\innobase\include\ut0byte.ic">
      <Filter>storage\innobase\include</Filter>
    </None>
    <None Include="storage\innobase\include\ut0list.ic">
      <Filter>storage\innobase\include</Filter>
    </None>
    <None Include="storage\innobase\include\ut0mem.ic">
      <Filter>storage\innobase\include</Filter>
    </None>
    <None Include="storage\innobase\include\ut0rnd.ic">
      <Filter>storage\innobase\include</Filter>
    </None>
    <None Include="storage\innobase\include\ut0ut.ic">
      <Filter>storage\innobase\include</Filter>
    </None>
    <None Include="storage\innobase\include\ut0vec.ic">
      <Filter>storage\innobase\include</Filter>
    </None>
    <None Include="sql\Makefile.am">
      <Filter>sql</Filter>
    </None>
    <None Include="sql\Makefile.in">
      <Filter>sql</Filter>
    </None>
    <None Include="sql\message.mc">
      <Filter>sql</Filter>
    </None>
    <None Include="sql\MSG00001.bin">
      <Filter>sql</Filter>
    </None>
    <None Include="sql\sql_builtin.cc.in">
      <Filter>sql</Filter>
    </None>
    <None Include="sql\sql_yacc.yy">
      <Filter>sql</Filter>
    </None>
    <None Include="sql\udf_example.def">
      <Filter>sql</Filter>
    </None>
    <None Include="server-tools\instance-manager\Makefile.am">
      <Filter>server-tools\instance-manager</Filter>
    </None>
    <None Include="server-tools\instance-manager\Makefile.in">
      <Filter>server-tools\instance-manager</Filter>
    </None>
    <None Include="server-tools\instance-manager\README">
      <Filter>server-tools\instance-manager</Filter>
    </None>
    <None Include="storage\innobase\pars\make_bison.sh">
      <Filter>storage\innobase\pars</Filter>
    </None>
    <None Include="storage\innobase\pars\make_flex.sh">
      <Filter>storage\innobase\pars</Filter>
    </None>
    <None Include="storage\innobase\pars\pars0grm.y">
      <Filter>storage\innobase\pars</Filter>
    </None>
    <None Include="storage\innobase\pars\pars0lex.l">
      <Filter>storage\innobase\pars</Filter>
    </None>
  </ItemGroup>
  <ItemGroup>
    <Text Include="sql\CMakeLists.txt">
      <Filter>sql</Filter>
    </Text>
    <Text Include="server-tools\instance-manager\CMakeLists.txt">
      <Filter>server-tools\instance-manager</Filter>
    </Text>
  </ItemGroup>
  <ItemGroup>
    <ResourceCompile Include="sql\message.rc">
      <Filter>sql</Filter>
    </ResourceCompile>
  </ItemGroup>
</Project>